
Microsoft Visual Studio Solution File, Format Version 12.00
# Visual Studio Version 17
VisualStudioVersion = 17.14.36310.24 d17.14
MinimumVisualStudioVersion = 10.0.40219.1
Project("{FAE04EC0-301F-11D3-BF4B-00C04F79EFBC}") = "Latihanmetod2", "Latihanmetod2\Latihanmetod2.csproj", "{0E112553-761D-4421-8C1A-08C29B449C9A}"
EndProject
Global
	GlobalSection(SolutionConfigurationPlatforms) = preSolution
		Debug|Any CPU = Debug|Any CPU
		Release|Any CPU = Release|Any CPU
	EndGlobalSection
	GlobalSection(ProjectConfigurationPlatforms) = postSolution
		{0E112553-761D-4421-8C1A-08C29B449C9A}.Debug|Any CPU.ActiveCfg = Debug|Any CPU
		{0E112553-761D-4421-8C1A-08C29B449C9A}.Debug|Any CPU.Build.0 = Debug|Any CPU
		{0E112553-761D-4421-8C1A-08C29B449C9A}.Release|Any CPU.ActiveCfg = Release|Any CPU
		{0E112553-761D-4421-8C1A-08C29B449C9A}.Release|Any CPU.Build.0 = Release|Any CPU
	EndGlobalSection
	GlobalSection(SolutionProperties) = preSolution
		HideSolutionNode = FALSE
	EndGlobalSection
	GlobalSection(ExtensibilityGlobals) = postSolution
		SolutionGuid = {AA995BD9-B2BE-4546-A1F1-FC5A74242B39}
	EndGlobalSection
EndGlobal
